// !$*UTF8*$!
{
	archiveVersion = 1;
	classes = {
	};
	objectVersion = 50;
	objects = {

/* Begin PBXBuildFile section */
		22F1E331F205AA4E1EF64127 /* Pods_Instagram_ProjectTests.framework in Frameworks */ = {isa = PBXBuildFile; fileRef = 3DBEA306191419F29C27BFA7 /* Pods_Instagram_ProjectTests.framework */; };
		8D0858252128C0E500228305 /* ProfileViewController.swift in Sources */ = {isa = PBXBuildFile; fileRef = 8D0858242128C0E500228305 /* ProfileViewController.swift */; };
		8D08582721296FDB00228305 /* EditProfileViewController.swift in Sources */ = {isa = PBXBuildFile; fileRef = 8D08582621296FDB00228305 /* EditProfileViewController.swift */; };
		8D4B7AEF2125FD75000C3242 /* Authentication.swift in Sources */ = {isa = PBXBuildFile; fileRef = 8D4B7AEE2125FD75000C3242 /* Authentication.swift */; };
		8D72B59B21246C5B001A2AE5 /* LoginScreen.swift in Sources */ = {isa = PBXBuildFile; fileRef = 8D72B59A21246C5B001A2AE5 /* LoginScreen.swift */; };
		8D72B59D21246C86001A2AE5 /* RegisterScreen.swift in Sources */ = {isa = PBXBuildFile; fileRef = 8D72B59C21246C86001A2AE5 /* RegisterScreen.swift */; };
		8DA0502021233BDE008AC5AC /* Auth.storyboard in Resources */ = {isa = PBXBuildFile; fileRef = 8DA0501F21233BDE008AC5AC /* Auth.storyboard */; };
		B9BDD75A842E92593C614F3A /* Pods_Instagram_Project.framework in Frameworks */ = {isa = PBXBuildFile; fileRef = AB0630A6DD9DE4470072E5A4 /* Pods_Instagram_Project.framework */; };
		C1593659212169C500F1D8DA /* AppDelegate.swift in Sources */ = {isa = PBXBuildFile; fileRef = C1593658212169C500F1D8DA /* AppDelegate.swift */; };
		C159365E212169C500F1D8DA /* Main.storyboard in Resources */ = {isa = PBXBuildFile; fileRef = C159365C212169C500F1D8DA /* Main.storyboard */; };
		C1593660212169CA00F1D8DA /* Assets.xcassets in Resources */ = {isa = PBXBuildFile; fileRef = C159365F212169CA00F1D8DA /* Assets.xcassets */; };
		C1593663212169CA00F1D8DA /* LaunchScreen.storyboard in Resources */ = {isa = PBXBuildFile; fileRef = C1593661212169CA00F1D8DA /* LaunchScreen.storyboard */; };
		C159366E212169CA00F1D8DA /* Instagram_ProjectTests.swift in Sources */ = {isa = PBXBuildFile; fileRef = C159366D212169CA00F1D8DA /* Instagram_ProjectTests.swift */; };
		C1593679212169CA00F1D8DA /* Instagram_ProjectUITests.swift in Sources */ = {isa = PBXBuildFile; fileRef = C1593678212169CA00F1D8DA /* Instagram_ProjectUITests.swift */; };
		FDB28229D38BE1D258C593B7 /* Pods_Instagram_ProjectUITests.framework in Frameworks */ = {isa = PBXBuildFile; fileRef = 92088B328B8257D5CE5424E2 /* Pods_Instagram_ProjectUITests.framework */; };
/* End PBXBuildFile section */

/* Begin PBXContainerItemProxy section */
		C159366A212169CA00F1D8DA /* PBXContainerItemProxy */ = {
			isa = PBXContainerItemProxy;
			containerPortal = C159364D212169C500F1D8DA /* Project object */;
			proxyType = 1;
			remoteGlobalIDString = C1593654212169C500F1D8DA;
			remoteInfo = "Instagram-Project";
		};
		C1593675212169CA00F1D8DA /* PBXContainerItemProxy */ = {
			isa = PBXContainerItemProxy;
			containerPortal = C159364D212169C500F1D8DA /* Project object */;
			proxyType = 1;
			remoteGlobalIDString = C1593654212169C500F1D8DA;
			remoteInfo = "Instagram-Project";
		};
/* End PBXContainerItemProxy section */

/* Begin PBXFileReference section */
		1C9B7204F0334A0B94B4D803 /* Pods-Instagram-ProjectTests.debug.xcconfig */ = {isa = PBXFileReference; includeInIndex = 1; lastKnownFileType = text.xcconfig; name = "Pods-Instagram-ProjectTests.debug.xcconfig"; path = "Pods/Target Support Files/Pods-Instagram-ProjectTests/Pods-Instagram-ProjectTests.debug.xcconfig"; sourceTree = "<group>"; };
		3DBEA306191419F29C27BFA7 /* Pods_Instagram_ProjectTests.framework */ = {isa = PBXFileReference; explicitFileType = wrapper.framework; includeInIndex = 0; path = Pods_Instagram_ProjectTests.framework; sourceTree = BUILT_PRODUCTS_DIR; };
		52851B214B03E803BDF01BBD /* Pods-Instagram-ProjectUITests.release.xcconfig */ = {isa = PBXFileReference; includeInIndex = 1; lastKnownFileType = text.xcconfig; name = "Pods-Instagram-ProjectUITests.release.xcconfig"; path = "Pods/Target Support Files/Pods-Instagram-ProjectUITests/Pods-Instagram-ProjectUITests.release.xcconfig"; sourceTree = "<group>"; };
		5B2575AB3E7CECB456A1CDB9 /* Pods-Instagram-ProjectTests.release.xcconfig */ = {isa = PBXFileReference; includeInIndex = 1; lastKnownFileType = text.xcconfig; name = "Pods-Instagram-ProjectTests.release.xcconfig"; path = "Pods/Target Support Files/Pods-Instagram-ProjectTests/Pods-Instagram-ProjectTests.release.xcconfig"; sourceTree = "<group>"; };
		63C30D5F5B339C9F89BF1690 /* Pods-Instagram-ProjectUITests.debug.xcconfig */ = {isa = PBXFileReference; includeInIndex = 1; lastKnownFileType = text.xcconfig; name = "Pods-Instagram-ProjectUITests.debug.xcconfig"; path = "Pods/Target Support Files/Pods-Instagram-ProjectUITests/Pods-Instagram-ProjectUITests.debug.xcconfig"; sourceTree = "<group>"; };
		8D0858242128C0E500228305 /* ProfileViewController.swift */ = {isa = PBXFileReference; lastKnownFileType = sourcecode.swift; path = ProfileViewController.swift; sourceTree = "<group>"; };
		8D08582621296FDB00228305 /* EditProfileViewController.swift */ = {isa = PBXFileReference; lastKnownFileType = sourcecode.swift; path = EditProfileViewController.swift; sourceTree = "<group>"; };
		8D4B7AEE2125FD75000C3242 /* Authentication.swift */ = {isa = PBXFileReference; lastKnownFileType = sourcecode.swift; path = Authentication.swift; sourceTree = "<group>"; };
		8D72B59A21246C5B001A2AE5 /* LoginScreen.swift */ = {isa = PBXFileReference; lastKnownFileType = sourcecode.swift; path = LoginScreen.swift; sourceTree = "<group>"; };
		8D72B59C21246C86001A2AE5 /* RegisterScreen.swift */ = {isa = PBXFileReference; lastKnownFileType = sourcecode.swift; path = RegisterScreen.swift; sourceTree = "<group>"; };
		8DA0501F21233BDE008AC5AC /* Auth.storyboard */ = {isa = PBXFileReference; lastKnownFileType = file.storyboard; path = Auth.storyboard; sourceTree = "<group>"; };
		92088B328B8257D5CE5424E2 /* Pods_Instagram_ProjectUITests.framework */ = {isa = PBXFileReference; explicitFileType = wrapper.framework; includeInIndex = 0; path = Pods_Instagram_ProjectUITests.framework; sourceTree = BUILT_PRODUCTS_DIR; };
		AB0630A6DD9DE4470072E5A4 /* Pods_Instagram_Project.framework */ = {isa = PBXFileReference; explicitFileType = wrapper.framework; includeInIndex = 0; path = Pods_Instagram_Project.framework; sourceTree = BUILT_PRODUCTS_DIR; };
		C1593655212169C500F1D8DA /* Instagram-Project.app */ = {isa = PBXFileReference; explicitFileType = wrapper.application; includeInIndex = 0; path = "Instagram-Project.app"; sourceTree = BUILT_PRODUCTS_DIR; };
		C1593658212169C500F1D8DA /* AppDelegate.swift */ = {isa = PBXFileReference; lastKnownFileType = sourcecode.swift; path = AppDelegate.swift; sourceTree = "<group>"; };
		C159365D212169C500F1D8DA /* Base */ = {isa = PBXFileReference; lastKnownFileType = file.storyboard; name = Base; path = Base.lproj/Main.storyboard; sourceTree = "<group>"; };
		C159365F212169CA00F1D8DA /* Assets.xcassets */ = {isa = PBXFileReference; lastKnownFileType = folder.assetcatalog; path = Assets.xcassets; sourceTree = "<group>"; };
		C1593662212169CA00F1D8DA /* Base */ = {isa = PBXFileReference; lastKnownFileType = file.storyboard; name = Base; path = Base.lproj/LaunchScreen.storyboard; sourceTree = "<group>"; };
		C1593664212169CA00F1D8DA /* Info.plist */ = {isa = PBXFileReference; lastKnownFileType = text.plist.xml; path = Info.plist; sourceTree = "<group>"; };
		C1593669212169CA00F1D8DA /* Instagram-ProjectTests.xctest */ = {isa = PBXFileReference; explicitFileType = wrapper.cfbundle; includeInIndex = 0; path = "Instagram-ProjectTests.xctest"; sourceTree = BUILT_PRODUCTS_DIR; };
		C159366D212169CA00F1D8DA /* Instagram_ProjectTests.swift */ = {isa = PBXFileReference; lastKnownFileType = sourcecode.swift; path = Instagram_ProjectTests.swift; sourceTree = "<group>"; };
		C159366F212169CA00F1D8DA /* Info.plist */ = {isa = PBXFileReference; lastKnownFileType = text.plist.xml; path = Info.plist; sourceTree = "<group>"; };
		C1593674212169CA00F1D8DA /* Instagram-ProjectUITests.xctest */ = {isa = PBXFileReference; explicitFileType = wrapper.cfbundle; includeInIndex = 0; path = "Instagram-ProjectUITests.xctest"; sourceTree = BUILT_PRODUCTS_DIR; };
		C1593678212169CA00F1D8DA /* Instagram_ProjectUITests.swift */ = {isa = PBXFileReference; lastKnownFileType = sourcecode.swift; path = Instagram_ProjectUITests.swift; sourceTree = "<group>"; };
		C159367A212169CA00F1D8DA /* Info.plist */ = {isa = PBXFileReference; lastKnownFileType = text.plist.xml; path = Info.plist; sourceTree = "<group>"; };
		D9AE65C6B51C63AD244C28AA /* Pods-Instagram-Project.debug.xcconfig */ = {isa = PBXFileReference; includeInIndex = 1; lastKnownFileType = text.xcconfig; name = "Pods-Instagram-Project.debug.xcconfig"; path = "Pods/Target Support Files/Pods-Instagram-Project/Pods-Instagram-Project.debug.xcconfig"; sourceTree = "<group>"; };
		E1F0A7EC315D824768A49A05 /* Pods-Instagram-Project.release.xcconfig */ = {isa = PBXFileReference; includeInIndex = 1; lastKnownFileType = text.xcconfig; name = "Pods-Instagram-Project.release.xcconfig"; path = "Pods/Target Support Files/Pods-Instagram-Project/Pods-Instagram-Project.release.xcconfig"; sourceTree = "<group>"; };
/* End PBXFileReference section */

/* Begin PBXFrameworksBuildPhase section */
		C1593652212169C500F1D8DA /* Frameworks */ = {
			isa = PBXFrameworksBuildPhase;
			buildActionMask = 2147483647;
			files = (
				B9BDD75A842E92593C614F3A /* Pods_Instagram_Project.framework in Frameworks */,
			);
			runOnlyForDeploymentPostprocessing = 0;
		};
		C1593666212169CA00F1D8DA /* Frameworks */ = {
			isa = PBXFrameworksBuildPhase;
			buildActionMask = 2147483647;
			files = (
				22F1E331F205AA4E1EF64127 /* Pods_Instagram_ProjectTests.framework in Frameworks */,
			);
			runOnlyForDeploymentPostprocessing = 0;
		};
		C1593671212169CA00F1D8DA /* Frameworks */ = {
			isa = PBXFrameworksBuildPhase;
			buildActionMask = 2147483647;
			files = (
				FDB28229D38BE1D258C593B7 /* Pods_Instagram_ProjectUITests.framework in Frameworks */,
			);
			runOnlyForDeploymentPostprocessing = 0;
		};
/* End PBXFrameworksBuildPhase section */

/* Begin PBXGroup section */
		60F72A1901D9FD9018254D28 /* Frameworks */ = {
			isa = PBXGroup;
			children = (
				AB0630A6DD9DE4470072E5A4 /* Pods_Instagram_Project.framework */,
				3DBEA306191419F29C27BFA7 /* Pods_Instagram_ProjectTests.framework */,
				92088B328B8257D5CE5424E2 /* Pods_Instagram_ProjectUITests.framework */,
			);
			name = Frameworks;
			sourceTree = "<group>";
		};
		8DA0501921233B48008AC5AC /* Model */ = {
			isa = PBXGroup;
			children = (
				8D4B7AEE2125FD75000C3242 /* Authentication.swift */,
			);
			path = Model;
			sourceTree = "<group>";
		};
		8DA0501A21233B4F008AC5AC /* View */ = {
			isa = PBXGroup;
			children = (
				C1593661212169CA00F1D8DA /* LaunchScreen.storyboard */,
				C159365C212169C500F1D8DA /* Main.storyboard */,
				8DA0501F21233BDE008AC5AC /* Auth.storyboard */,
			);
			path = View;
			sourceTree = "<group>";
		};
		8DA0501B21233B54008AC5AC /* Controller */ = {
			isa = PBXGroup;
			children = (
				8D72B59A21246C5B001A2AE5 /* LoginScreen.swift */,
				8D72B59C21246C86001A2AE5 /* RegisterScreen.swift */,
				8D0858242128C0E500228305 /* ProfileViewController.swift */,
				8D08582621296FDB00228305 /* EditProfileViewController.swift */,
			);
			path = Controller;
			sourceTree = "<group>";
		};
		8DA0501C21233B65008AC5AC /* Supporting files */ = {
			isa = PBXGroup;
			children = (
				C1593664212169CA00F1D8DA /* Info.plist */,
				C159365F212169CA00F1D8DA /* Assets.xcassets */,
				C1593658212169C500F1D8DA /* AppDelegate.swift */,
			);
			path = "Supporting files";
			sourceTree = "<group>";
		};
		C159364C212169C500F1D8DA = {
			isa = PBXGroup;
			children = (
				C1593657212169C500F1D8DA /* Instagram-Project */,
				C159366C212169CA00F1D8DA /* Instagram-ProjectTests */,
				C1593677212169CA00F1D8DA /* Instagram-ProjectUITests */,
				C1593656212169C500F1D8DA /* Products */,
				D5BD26E838E01863244692AD /* Pods */,
				60F72A1901D9FD9018254D28 /* Frameworks */,
			);
			sourceTree = "<group>";
		};
		C1593656212169C500F1D8DA /* Products */ = {
			isa = PBXGroup;
			children = (
				C1593655212169C500F1D8DA /* Instagram-Project.app */,
				C1593669212169CA00F1D8DA /* Instagram-ProjectTests.xctest */,
				C1593674212169CA00F1D8DA /* Instagram-ProjectUITests.xctest */,
			);
			name = Products;
			sourceTree = "<group>";
		};
		C1593657212169C500F1D8DA /* Instagram-Project */ = {
			isa = PBXGroup;
			children = (
				8DA0501C21233B65008AC5AC /* Supporting files */,
				8DA0501B21233B54008AC5AC /* Controller */,
				8DA0501A21233B4F008AC5AC /* View */,
				8DA0501921233B48008AC5AC /* Model */,
			);
			path = "Instagram-Project";
			sourceTree = "<group>";
		};
		C159366C212169CA00F1D8DA /* Instagram-ProjectTests */ = {
			isa = PBXGroup;
			children = (
				C159366D212169CA00F1D8DA /* Instagram_ProjectTests.swift */,
				C159366F212169CA00F1D8DA /* Info.plist */,
			);
			path = "Instagram-ProjectTests";
			sourceTree = "<group>";
		};
		C1593677212169CA00F1D8DA /* Instagram-ProjectUITests */ = {
			isa = PBXGroup;
			children = (
				C1593678212169CA00F1D8DA /* Instagram_ProjectUITests.swift */,
				C159367A212169CA00F1D8DA /* Info.plist */,
			);
			path = "Instagram-ProjectUITests";
			sourceTree = "<group>";
		};
		D5BD26E838E01863244692AD /* Pods */ = {
			isa = PBXGroup;
			children = (
				D9AE65C6B51C63AD244C28AA /* Pods-Instagram-Project.debug.xcconfig */,
				E1F0A7EC315D824768A49A05 /* Pods-Instagram-Project.release.xcconfig */,
				1C9B7204F0334A0B94B4D803 /* Pods-Instagram-ProjectTests.debug.xcconfig */,
				5B2575AB3E7CECB456A1CDB9 /* Pods-Instagram-ProjectTests.release.xcconfig */,
				63C30D5F5B339C9F89BF1690 /* Pods-Instagram-ProjectUITests.debug.xcconfig */,
				52851B214B03E803BDF01BBD /* Pods-Instagram-ProjectUITests.release.xcconfig */,
			);
			name = Pods;
			sourceTree = "<group>";
		};
/* End PBXGroup section */

/* Begin PBXNativeTarget section */
		C1593654212169C500F1D8DA /* Instagram-Project */ = {
			isa = PBXNativeTarget;
			buildConfigurationList = C159367D212169CA00F1D8DA /* Build configuration list for PBXNativeTarget "Instagram-Project" */;
			buildPhases = (
				1FEE56B4B040ECAB475F9AAB /* [CP] Check Pods Manifest.lock */,
				C1593651212169C500F1D8DA /* Sources */,
				C1593652212169C500F1D8DA /* Frameworks */,
				C1593653212169C500F1D8DA /* Resources */,
				FE5A46D23FDFE9C15C0FCF57 /* [CP] Embed Pods Frameworks */,
			);
			buildRules = (
			);
			dependencies = (
			);
			name = "Instagram-Project";
			productName = "Instagram-Project";
			productReference = C1593655212169C500F1D8DA /* Instagram-Project.app */;
			productType = "com.apple.product-type.application";
		};
		C1593668212169CA00F1D8DA /* Instagram-ProjectTests */ = {
			isa = PBXNativeTarget;
			buildConfigurationList = C1593680212169CA00F1D8DA /* Build configuration list for PBXNativeTarget "Instagram-ProjectTests" */;
			buildPhases = (
				4C021866C3A829ABA0E64311 /* [CP] Check Pods Manifest.lock */,
				C1593665212169CA00F1D8DA /* Sources */,
				C1593666212169CA00F1D8DA /* Frameworks */,
				C1593667212169CA00F1D8DA /* Resources */,
				8139A4130BE0FBE858397617 /* [CP] Embed Pods Frameworks */,
			);
			buildRules = (
			);
			dependencies = (
				C159366B212169CA00F1D8DA /* PBXTargetDependency */,
			);
			name = "Instagram-ProjectTests";
			productName = "Instagram-ProjectTests";
			productReference = C1593669212169CA00F1D8DA /* Instagram-ProjectTests.xctest */;
			productType = "com.apple.product-type.bundle.unit-test";
		};
		C1593673212169CA00F1D8DA /* Instagram-ProjectUITests */ = {
			isa = PBXNativeTarget;
			buildConfigurationList = C1593683212169CA00F1D8DA /* Build configuration list for PBXNativeTarget "Instagram-ProjectUITests" */;
			buildPhases = (
				A825160EADC5F21A9A0E1767 /* [CP] Check Pods Manifest.lock */,
				C1593670212169CA00F1D8DA /* Sources */,
				C1593671212169CA00F1D8DA /* Frameworks */,
				C1593672212169CA00F1D8DA /* Resources */,
				6BBE4202E1A2F31ED43A721D /* [CP] Embed Pods Frameworks */,
			);
			buildRules = (
			);
			dependencies = (
				C1593676212169CA00F1D8DA /* PBXTargetDependency */,
			);
			name = "Instagram-ProjectUITests";
			productName = "Instagram-ProjectUITests";
			productReference = C1593674212169CA00F1D8DA /* Instagram-ProjectUITests.xctest */;
			productType = "com.apple.product-type.bundle.ui-testing";
		};
/* End PBXNativeTarget section */

/* Begin PBXProject section */
		C159364D212169C500F1D8DA /* Project object */ = {
			isa = PBXProject;
			attributes = {
				LastSwiftUpdateCheck = 0940;
				LastUpgradeCheck = 0940;
				ORGANIZATIONNAME = "Александр Сахнюков";
				TargetAttributes = {
					C1593654212169C500F1D8DA = {
						CreatedOnToolsVersion = 9.4.1;
					};
					C1593668212169CA00F1D8DA = {
						CreatedOnToolsVersion = 9.4.1;
						TestTargetID = C1593654212169C500F1D8DA;
					};
					C1593673212169CA00F1D8DA = {
						CreatedOnToolsVersion = 9.4.1;
						TestTargetID = C1593654212169C500F1D8DA;
					};
				};
			};
			buildConfigurationList = C1593650212169C500F1D8DA /* Build configuration list for PBXProject "Instagram-Project" */;
			compatibilityVersion = "Xcode 9.3";
			developmentRegion = en;
			hasScannedForEncodings = 0;
			knownRegions = (
				en,
				Base,
			);
			mainGroup = C159364C212169C500F1D8DA;
			productRefGroup = C1593656212169C500F1D8DA /* Products */;
			projectDirPath = "";
			projectRoot = "";
			targets = (
				C1593654212169C500F1D8DA /* Instagram-Project */,
				C1593668212169CA00F1D8DA /* Instagram-ProjectTests */,
				C1593673212169CA00F1D8DA /* Instagram-ProjectUITests */,
			);
		};
/* End PBXProject section */

/* Begin PBXResourcesBuildPhase section */
		C1593653212169C500F1D8DA /* Resources */ = {
			isa = PBXResourcesBuildPhase;
			buildActionMask = 2147483647;
			files = (
				8DA0502021233BDE008AC5AC /* Auth.storyboard in Resources */,
				C1593663212169CA00F1D8DA /* LaunchScreen.storyboard in Resources */,
				C1593660212169CA00F1D8DA /* Assets.xcassets in Resources */,
				C159365E212169C500F1D8DA /* Main.storyboard in Resources */,
			);
			runOnlyForDeploymentPostprocessing = 0;
		};
		C1593667212169CA00F1D8DA /* Resources */ = {
			isa = PBXResourcesBuildPhase;
			buildActionMask = 2147483647;
			files = (
			);
			runOnlyForDeploymentPostprocessing = 0;
		};
		C1593672212169CA00F1D8DA /* Resources */ = {
			isa = PBXResourcesBuildPhase;
			buildActionMask = 2147483647;
			files = (
			);
			runOnlyForDeploymentPostprocessing = 0;
		};
/* End PBXResourcesBuildPhase section */

/* Begin PBXShellScriptBuildPhase section */
		1FEE56B4B040ECAB475F9AAB /* [CP] Check Pods Manifest.lock */ = {
			isa = PBXShellScriptBuildPhase;
			buildActionMask = 2147483647;
			files = (
			);
			inputPaths = (
				"${PODS_PODFILE_DIR_PATH}/Podfile.lock",
				"${PODS_ROOT}/Manifest.lock",
			);
			name = "[CP] Check Pods Manifest.lock";
			outputPaths = (
				"$(DERIVED_FILE_DIR)/Pods-Instagram-Project-checkManifestLockResult.txt",
			);
			runOnlyForDeploymentPostprocessing = 0;
			shellPath = /bin/sh;
			shellScript = "diff \"${PODS_PODFILE_DIR_PATH}/Podfile.lock\" \"${PODS_ROOT}/Manifest.lock\" > /dev/null\nif [ $? != 0 ] ; then\n    # print error to STDERR\n    echo \"error: The sandbox is not in sync with the Podfile.lock. Run 'pod install' or update your CocoaPods installation.\" >&2\n    exit 1\nfi\n# This output is used by Xcode 'outputs' to avoid re-running this script phase.\necho \"SUCCESS\" > \"${SCRIPT_OUTPUT_FILE_0}\"\n";
			showEnvVarsInLog = 0;
		};
		4C021866C3A829ABA0E64311 /* [CP] Check Pods Manifest.lock */ = {
			isa = PBXShellScriptBuildPhase;
			buildActionMask = 2147483647;
			files = (
			);
			inputPaths = (
				"${PODS_PODFILE_DIR_PATH}/Podfile.lock",
				"${PODS_ROOT}/Manifest.lock",
			);
			name = "[CP] Check Pods Manifest.lock";
			outputPaths = (
				"$(DERIVED_FILE_DIR)/Pods-Instagram-ProjectTests-checkManifestLockResult.txt",
			);
			runOnlyForDeploymentPostprocessing = 0;
			shellPath = /bin/sh;
			shellScript = "diff \"${PODS_PODFILE_DIR_PATH}/Podfile.lock\" \"${PODS_ROOT}/Manifest.lock\" > /dev/null\nif [ $? != 0 ] ; then\n    # print error to STDERR\n    echo \"error: The sandbox is not in sync with the Podfile.lock. Run 'pod install' or update your CocoaPods installation.\" >&2\n    exit 1\nfi\n# This output is used by Xcode 'outputs' to avoid re-running this script phase.\necho \"SUCCESS\" > \"${SCRIPT_OUTPUT_FILE_0}\"\n";
			showEnvVarsInLog = 0;
		};
		6BBE4202E1A2F31ED43A721D /* [CP] Embed Pods Frameworks */ = {
			isa = PBXShellScriptBuildPhase;
			buildActionMask = 2147483647;
			files = (
			);
			inputPaths = (
				"${SRCROOT}/Pods/Target Support Files/Pods-Instagram-ProjectUITests/Pods-Instagram-ProjectUITests-frameworks.sh",
				"${BUILT_PRODUCTS_DIR}/Alamofire/Alamofire.framework",
				"${BUILT_PRODUCTS_DIR}/Realm/Realm.framework",
				"${BUILT_PRODUCTS_DIR}/RealmSwift/RealmSwift.framework",
				"${BUILT_PRODUCTS_DIR}/SwiftyJSON/SwiftyJSON.framework",
			);
			name = "[CP] Embed Pods Frameworks";
			outputPaths = (
				"${TARGET_BUILD_DIR}/${FRAMEWORKS_FOLDER_PATH}/Alamofire.framework",
				"${TARGET_BUILD_DIR}/${FRAMEWORKS_FOLDER_PATH}/Realm.framework",
				"${TARGET_BUILD_DIR}/${FRAMEWORKS_FOLDER_PATH}/RealmSwift.framework",
				"${TARGET_BUILD_DIR}/${FRAMEWORKS_FOLDER_PATH}/SwiftyJSON.framework",
			);
			runOnlyForDeploymentPostprocessing = 0;
			shellPath = /bin/sh;
			shellScript = "\"${SRCROOT}/Pods/Target Support Files/Pods-Instagram-ProjectUITests/Pods-Instagram-ProjectUITests-frameworks.sh\"\n";
			showEnvVarsInLog = 0;
		};
		8139A4130BE0FBE858397617 /* [CP] Embed Pods Frameworks */ = {
			isa = PBXShellScriptBuildPhase;
			buildActionMask = 2147483647;
			files = (
			);
			inputPaths = (
				"${SRCROOT}/Pods/Target Support Files/Pods-Instagram-ProjectTests/Pods-Instagram-ProjectTests-frameworks.sh",
				"${BUILT_PRODUCTS_DIR}/Alamofire/Alamofire.framework",
				"${BUILT_PRODUCTS_DIR}/Realm/Realm.framework",
				"${BUILT_PRODUCTS_DIR}/RealmSwift/RealmSwift.framework",
				"${BUILT_PRODUCTS_DIR}/SwiftyJSON/SwiftyJSON.framework",
			);
			name = "[CP] Embed Pods Frameworks";
			outputPaths = (
				"${TARGET_BUILD_DIR}/${FRAMEWORKS_FOLDER_PATH}/Alamofire.framework",
				"${TARGET_BUILD_DIR}/${FRAMEWORKS_FOLDER_PATH}/Realm.framework",
				"${TARGET_BUILD_DIR}/${FRAMEWORKS_FOLDER_PATH}/RealmSwift.framework",
				"${TARGET_BUILD_DIR}/${FRAMEWORKS_FOLDER_PATH}/SwiftyJSON.framework",
			);
			runOnlyForDeploymentPostprocessing = 0;
			shellPath = /bin/sh;
			shellScript = "\"${SRCROOT}/Pods/Target Support Files/Pods-Instagram-ProjectTests/Pods-Instagram-ProjectTests-frameworks.sh\"\n";
			showEnvVarsInLog = 0;
		};
		A825160EADC5F21A9A0E1767 /* [CP] Check Pods Manifest.lock */ = {
			isa = PBXShellScriptBuildPhase;
			buildActionMask = 2147483647;
			files = (
			);
			inputPaths = (
				"${PODS_PODFILE_DIR_PATH}/Podfile.lock",
				"${PODS_ROOT}/Manifest.lock",
			);
			name = "[CP] Check Pods Manifest.lock";
			outputPaths = (
				"$(DERIVED_FILE_DIR)/Pods-Instagram-ProjectUITests-checkManifestLockResult.txt",
			);
			runOnlyForDeploymentPostprocessing = 0;
			shellPath = /bin/sh;
			shellScript = "diff \"${PODS_PODFILE_DIR_PATH}/Podfile.lock\" \"${PODS_ROOT}/Manifest.lock\" > /dev/null\nif [ $? != 0 ] ; then\n    # print error to STDERR\n    echo \"error: The sandbox is not in sync with the Podfile.lock. Run 'pod install' or update your CocoaPods installation.\" >&2\n    exit 1\nfi\n# This output is used by Xcode 'outputs' to avoid re-running this script phase.\necho \"SUCCESS\" > \"${SCRIPT_OUTPUT_FILE_0}\"\n";
			showEnvVarsInLog = 0;
		};
		FE5A46D23FDFE9C15C0FCF57 /* [CP] Embed Pods Frameworks */ = {
			isa = PBXShellScriptBuildPhase;
			buildActionMask = 2147483647;
			files = (
			);
			inputPaths = (
				"${SRCROOT}/Pods/Target Support Files/Pods-Instagram-Project/Pods-Instagram-Project-frameworks.sh",
				"${BUILT_PRODUCTS_DIR}/Alamofire/Alamofire.framework",
				"${BUILT_PRODUCTS_DIR}/AlamofireImage/AlamofireImage.framework",
				"${BUILT_PRODUCTS_DIR}/IGListKit/IGListKit.framework",
				"${BUILT_PRODUCTS_DIR}/Realm/Realm.framework",
				"${BUILT_PRODUCTS_DIR}/RealmSwift/RealmSwift.framework",
				"${BUILT_PRODUCTS_DIR}/SwiftKeychainWrapper/SwiftKeychainWrapper.framework",
				"${BUILT_PRODUCTS_DIR}/SwiftyJSON/SwiftyJSON.framework",
			);
			name = "[CP] Embed Pods Frameworks";
			outputPaths = (
				"${TARGET_BUILD_DIR}/${FRAMEWORKS_FOLDER_PATH}/Alamofire.framework",
				"${TARGET_BUILD_DIR}/${FRAMEWORKS_FOLDER_PATH}/AlamofireImage.framework",
				"${TARGET_BUILD_DIR}/${FRAMEWORKS_FOLDER_PATH}/IGListKit.framework",
				"${TARGET_BUILD_DIR}/${FRAMEWORKS_FOLDER_PATH}/Realm.framework",
				"${TARGET_BUILD_DIR}/${FRAMEWORKS_FOLDER_PATH}/RealmSwift.framework",
				"${TARGET_BUILD_DIR}/${FRAMEWORKS_FOLDER_PATH}/SwiftKeychainWrapper.framework",
				"${TARGET_BUILD_DIR}/${FRAMEWORKS_FOLDER_PATH}/SwiftyJSON.framework",
			);
			runOnlyForDeploymentPostprocessing = 0;
			shellPath = /bin/sh;
			shellScript = "\"${SRCROOT}/Pods/Target Support Files/Pods-Instagram-Project/Pods-Instagram-Project-frameworks.sh\"\n";
			showEnvVarsInLog = 0;
		};
/* End PBXShellScriptBuildPhase section */

/* Begin PBXSourcesBuildPhase section */
		C1593651212169C500F1D8DA /* Sources */ = {
			isa = PBXSourcesBuildPhase;
			buildActionMask = 2147483647;
			files = (
				8D72B59D21246C86001A2AE5 /* RegisterScreen.swift in Sources */,
				C1593659212169C500F1D8DA /* AppDelegate.swift in Sources */,
				8D08582721296FDB00228305 /* EditProfileViewController.swift in Sources */,
				8D0858252128C0E500228305 /* ProfileViewController.swift in Sources */,
				8D72B59B21246C5B001A2AE5 /* LoginScreen.swift in Sources */,
				8D4B7AEF2125FD75000C3242 /* Authentication.swift in Sources */,
			);
			runOnlyForDeploymentPostprocessing = 0;
		};
		C1593665212169CA00F1D8DA /* Sources */ = {
			isa = PBXSourcesBuildPhase;
			buildActionMask = 2147483647;
			files = (
				C159366E212169CA00F1D8DA /* Instagram_ProjectTests.swift in Sources */,
			);
			runOnlyForDeploymentPostprocessing = 0;
		};
		C1593670212169CA00F1D8DA /* Sources */ = {
			isa = PBXSourcesBuildPhase;
			buildActionMask = 2147483647;
			files = (
				C1593679212169CA00F1D8DA /* Instagram_ProjectUITests.swift in Sources */,
			);
			runOnlyForDeploymentPostprocessing = 0;
		};
/* End PBXSourcesBuildPhase section */

/* Begin PBXTargetDependency section */
		C159366B212169CA00F1D8DA /* PBXTargetDependency */ = {
			isa = PBXTargetDependency;
			target = C1593654212169C500F1D8DA /* Instagram-Project */;
			targetProxy = C159366A212169CA00F1D8DA /* PBXContainerItemProxy */;
		};
		C1593676212169CA00F1D8DA /* PBXTargetDependency */ = {
			isa = PBXTargetDependency;
			target = C1593654212169C500F1D8DA /* Instagram-Project */;
			targetProxy = C1593675212169CA00F1D8DA /* PBXContainerItemProxy */;
		};
/* End PBXTargetDependency section */

/* Begin PBXVariantGroup section */
		C159365C212169C500F1D8DA /* Main.storyboard */ = {
			isa = PBXVariantGroup;
			children = (
				C159365D212169C500F1D8DA /* Base */,
			);
			name = Main.storyboard;
			sourceTree = "<group>";
		};
		C1593661212169CA00F1D8DA /* LaunchScreen.storyboard */ = {
			isa = PBXVariantGroup;
			children = (
				C1593662212169CA00F1D8DA /* Base */,
			);
			name = LaunchScreen.storyboard;
			sourceTree = "<group>";
		};
/* End PBXVariantGroup section */

/* Begin XCBuildConfiguration section */
		C159367B212169CA00F1D8DA /* Debug */ = {
			isa = XCBuildConfiguration;
			buildSettings = {
				ALWAYS_SEARCH_USER_PATHS = NO;
				CLANG_ANALYZER_NONNULL = YES;
				CLANG_ANALYZER_NUMBER_OBJECT_CONVERSION = YES_AGGRESSIVE;
				CLANG_CXX_LANGUAGE_STANDARD = "gnu++14";
				CLANG_CXX_LIBRARY = "libc++";
				CLANG_ENABLE_MODULES = YES;
				CLANG_ENABLE_OBJC_ARC = YES;
				CLANG_ENABLE_OBJC_WEAK = YES;
				CLANG_WARN_BLOCK_CAPTURE_AUTORELEASING = YES;
				CLANG_WARN_BOOL_CONVERSION = YES;
				CLANG_WARN_COMMA = YES;
				CLANG_WARN_CONSTANT_CONVERSION = YES;
				CLANG_WARN_DEPRECATED_OBJC_IMPLEMENTATIONS = YES;
				CLANG_WARN_DIRECT_OBJC_ISA_USAGE = YES_ERROR;
				CLANG_WARN_DOCUMENTATION_COMMENTS = YES;
				CLANG_WARN_EMPTY_BODY = YES;
				CLANG_WARN_ENUM_CONVERSION = YES;
				CLANG_WARN_INFINITE_RECURSION = YES;
				CLANG_WARN_INT_CONVERSION = YES;
				CLANG_WARN_NON_LITERAL_NULL_CONVERSION = YES;
				CLANG_WARN_OBJC_IMPLICIT_RETAIN_SELF = YES;
				CLANG_WARN_OBJC_LITERAL_CONVERSION = YES;
				CLANG_WARN_OBJC_ROOT_CLASS = YES_ERROR;
				CLANG_WARN_RANGE_LOOP_ANALYSIS = YES;
				CLANG_WARN_STRICT_PROTOTYPES = YES;
				CLANG_WARN_SUSPICIOUS_MOVE = YES;
				CLANG_WARN_UNGUARDED_AVAILABILITY = YES_AGGRESSIVE;
				CLANG_WARN_UNREACHABLE_CODE = YES;
				CLANG_WARN__DUPLICATE_METHOD_MATCH = YES;
				CODE_SIGN_IDENTITY = "iPhone Developer";
				COPY_PHASE_STRIP = NO;
				DEBUG_INFORMATION_FORMAT = dwarf;
				ENABLE_STRICT_OBJC_MSGSEND = YES;
				ENABLE_TESTABILITY = YES;
				GCC_C_LANGUAGE_STANDARD = gnu11;
				GCC_DYNAMIC_NO_PIC = NO;
				GCC_NO_COMMON_BLOCKS = YES;
				GCC_OPTIMIZATION_LEVEL = 0;
				GCC_PREPROCESSOR_DEFINITIONS = (
					"DEBUG=1",
					"$(inherited)",
				);
				GCC_WARN_64_TO_32_BIT_CONVERSION = YES;
				GCC_WARN_ABOUT_RETURN_TYPE = YES_ERROR;
				GCC_WARN_UNDECLARED_SELECTOR = YES;
				GCC_WARN_UNINITIALIZED_AUTOS = YES_AGGRESSIVE;
				GCC_WARN_UNUSED_FUNCTION = YES;
				GCC_WARN_UNUSED_VARIABLE = YES;
				IPHONEOS_DEPLOYMENT_TARGET = 11.4;
				MTL_ENABLE_DEBUG_INFO = YES;
				ONLY_ACTIVE_ARCH = YES;
				SDKROOT = iphoneos;
				SWIFT_ACTIVE_COMPILATION_CONDITIONS = DEBUG;
				SWIFT_OPTIMIZATION_LEVEL = "-Onone";
			};
			name = Debug;
		};
		C159367C212169CA00F1D8DA /* Release */ = {
			isa = XCBuildConfiguration;
			buildSettings = {
				ALWAYS_SEARCH_USER_PATHS = NO;
				CLANG_ANALYZER_NONNULL = YES;
				CLANG_ANALYZER_NUMBER_OBJECT_CONVERSION = YES_AGGRESSIVE;
				CLANG_CXX_LANGUAGE_STANDARD = "gnu++14";
				CLANG_CXX_LIBRARY = "libc++";
				CLANG_ENABLE_MODULES = YES;
				CLANG_ENABLE_OBJC_ARC = YES;
				CLANG_ENABLE_OBJC_WEAK = YES;
				CLANG_WARN_BLOCK_CAPTURE_AUTORELEASING = YES;
				CLANG_WARN_BOOL_CONVERSION = YES;
				CLANG_WARN_COMMA = YES;
				CLANG_WARN_CONSTANT_CONVERSION = YES;
				CLANG_WARN_DEPRECATED_OBJC_IMPLEMENTATIONS = YES;
				CLANG_WARN_DIRECT_OBJC_ISA_USAGE = YES_ERROR;
				CLANG_WARN_DOCUMENTATION_COMMENTS = YES;
				CLANG_WARN_EMPTY_BODY = YES;
				CLANG_WARN_ENUM_CONVERSION = YES;
				CLANG_WARN_INFINITE_RECURSION = YES;
				CLANG_WARN_INT_CONVERSION = YES;
				CLANG_WARN_NON_LITERAL_NULL_CONVERSION = YES;
				CLANG_WARN_OBJC_IMPLICIT_RETAIN_SELF = YES;
				CLANG_WARN_OBJC_LITERAL_CONVERSION = YES;
				CLANG_WARN_OBJC_ROOT_CLASS = YES_ERROR;
				CLANG_WARN_RANGE_LOOP_ANALYSIS = YES;
				CLANG_WARN_STRICT_PROTOTYPES = YES;
				CLANG_WARN_SUSPICIOUS_MOVE = YES;
				CLANG_WARN_UNGUARDED_AVAILABILITY = YES_AGGRESSIVE;
				CLANG_WARN_UNREACHABLE_CODE = YES;
				CLANG_WARN__DUPLICATE_METHOD_MATCH = YES;
				CODE_SIGN_IDENTITY = "iPhone Developer";
				COPY_PHASE_STRIP = NO;
				DEBUG_INFORMATION_FORMAT = "dwarf-with-dsym";
				ENABLE_NS_ASSERTIONS = NO;
				ENABLE_STRICT_OBJC_MSGSEND = YES;
				GCC_C_LANGUAGE_STANDARD = gnu11;
				GCC_NO_COMMON_BLOCKS = YES;
				GCC_WARN_64_TO_32_BIT_CONVERSION = YES;
				GCC_WARN_ABOUT_RETURN_TYPE = YES_ERROR;
				GCC_WARN_UNDECLARED_SELECTOR = YES;
				GCC_WARN_UNINITIALIZED_AUTOS = YES_AGGRESSIVE;
				GCC_WARN_UNUSED_FUNCTION = YES;
				GCC_WARN_UNUSED_VARIABLE = YES;
				IPHONEOS_DEPLOYMENT_TARGET = 11.4;
				MTL_ENABLE_DEBUG_INFO = NO;
				SDKROOT = iphoneos;
				SWIFT_COMPILATION_MODE = wholemodule;
				SWIFT_OPTIMIZATION_LEVEL = "-O";
				VALIDATE_PRODUCT = YES;
			};
			name = Release;
		};
		C159367E212169CA00F1D8DA /* Debug */ = {
			isa = XCBuildConfiguration;
			baseConfigurationReference = D9AE65C6B51C63AD244C28AA /* Pods-Instagram-Project.debug.xcconfig */;
			buildSettings = {
				ASSETCATALOG_COMPILER_APPICON_NAME = AppIcon;
				CODE_SIGN_STYLE = Automatic;
				DEVELOPMENT_TEAM = C5S74JC2ZC;
				INFOPLIST_FILE = "$(SRCROOT)/Instagram-Project/Supporting files/Info.plist";
				LD_RUNPATH_SEARCH_PATHS = (
					"$(inherited)",
					"@executable_path/Frameworks",
				);
				PRODUCT_BUNDLE_IDENTIFIER = "------------------.Instagram-Project";
				PRODUCT_NAME = "$(TARGET_NAME)";
				SWIFT_VERSION = 4.0;
				TARGETED_DEVICE_FAMILY = "1,2";
			};
			name = Debug;
		};
		C159367F212169CA00F1D8DA /* Release */ = {
			isa = XCBuildConfiguration;
			baseConfigurationReference = E1F0A7EC315D824768A49A05 /* Pods-Instagram-Project.release.xcconfig */;
			buildSettings = {
				ASSETCATALOG_COMPILER_APPICON_NAME = AppIcon;
				CODE_SIGN_STYLE = Automatic;
				DEVELOPMENT_TEAM = C5S74JC2ZC;
				INFOPLIST_FILE = "$(SRCROOT)/Instagram-Project/Supporting files/Info.plist";
				LD_RUNPATH_SEARCH_PATHS = (
					"$(inherited)",
					"@executable_path/Frameworks",
				);
				PRODUCT_BUNDLE_IDENTIFIER = "------------------.Instagram-Project";
				PRODUCT_NAME = "$(TARGET_NAME)";
				SWIFT_VERSION = 4.0;
				TARGETED_DEVICE_FAMILY = "1,2";
			};
			name = Release;
		};
		C1593681212169CA00F1D8DA /* Debug */ = {
			isa = XCBuildConfiguration;
			baseConfigurationReference = 1C9B7204F0334A0B94B4D803 /* Pods-Instagram-ProjectTests.debug.xcconfig */;
			buildSettings = {
				ALWAYS_EMBED_SWIFT_STANDARD_LIBRARIES = YES;
				BUNDLE_LOADER = "$(TEST_HOST)";
				CODE_SIGN_STYLE = Automatic;
				DEVELOPMENT_TEAM = C5S74JC2ZC;
				INFOPLIST_FILE = "Instagram-ProjectTests/Info.plist";
				LD_RUNPATH_SEARCH_PATHS = (
					"$(inherited)",
					"@executable_path/Frameworks",
					"@loader_path/Frameworks",
				);
				PRODUCT_BUNDLE_IDENTIFIER = "------------------.Instagram-ProjectTests";
				PRODUCT_NAME = "$(TARGET_NAME)";
				SWIFT_VERSION = 4.0;
				TARGETED_DEVICE_FAMILY = "1,2";
				TEST_HOST = "$(BUILT_PRODUCTS_DIR)/Instagram-Project.app/Instagram-Project";
			};
			name = Debug;
		};
		C1593682212169CA00F1D8DA /* Release */ = {
			isa = XCBuildConfiguration;
			baseConfigurationReference = 5B2575AB3E7CECB456A1CDB9 /* Pods-Instagram-ProjectTests.release.xcconfig */;
			buildSettings = {
				ALWAYS_EMBED_SWIFT_STANDARD_LIBRARIES = YES;
				BUNDLE_LOADER = "$(TEST_HOST)";
				CODE_SIGN_STYLE = Automatic;
				DEVELOPMENT_TEAM = C5S74JC2ZC;
				INFOPLIST_FILE = "Instagram-ProjectTests/Info.plist";
				LD_RUNPATH_SEARCH_PATHS = (
					"$(inherited)",
					"@executable_path/Frameworks",
					"@loader_path/Frameworks",
				);
				PRODUCT_BUNDLE_IDENTIFIER = "------------------.Instagram-ProjectTests";
				PRODUCT_NAME = "$(TARGET_NAME)";
				SWIFT_VERSION = 4.0;
				TARGETED_DEVICE_FAMILY = "1,2";
				TEST_HOST = "$(BUILT_PRODUCTS_DIR)/Instagram-Project.app/Instagram-Project";
			};
			name = Release;
		};
		C1593684212169CA00F1D8DA /* Debug */ = {
			isa = XCBuildConfiguration;
			baseConfigurationReference = 63C30D5F5B339C9F89BF1690 /* Pods-Instagram-ProjectUITests.debug.xcconfig */;
			buildSettings = {
				ALWAYS_EMBED_SWIFT_STANDARD_LIBRARIES = YES;
				CODE_SIGN_STYLE = Automatic;
				DEVELOPMENT_TEAM = C5S74JC2ZC;
				INFOPLIST_FILE = "Instagram-ProjectUITests/Info.plist";
				LD_RUNPATH_SEARCH_PATHS = (
					"$(inherited)",
					"@executable_path/Frameworks",
					"@loader_path/Frameworks",
				);
				PRODUCT_BUNDLE_IDENTIFIER = "------------------.Instagram-ProjectUITests";
				PRODUCT_NAME = "$(TARGET_NAME)";
				SWIFT_VERSION = 4.0;
				TARGETED_DEVICE_FAMILY = "1,2";
				TEST_TARGET_NAME = "Instagram-Project";
			};
			name = Debug;
		};
		C1593685212169CA00F1D8DA /* Release */ = {
			isa = XCBuildConfiguration;
			baseConfigurationReference = 52851B214B03E803BDF01BBD /* Pods-Instagram-ProjectUITests.release.xcconfig */;
			buildSettings = {
				ALWAYS_EMBED_SWIFT_STANDARD_LIBRARIES = YES;
				CODE_SIGN_STYLE = Automatic;
				DEVELOPMENT_TEAM = C5S74JC2ZC;
				INFOPLIST_FILE = "Instagram-ProjectUITests/Info.plist";
				LD_RUNPATH_SEARCH_PATHS = (
					"$(inherited)",
					"@executable_path/Frameworks",
					"@loader_path/Frameworks",
				);
				PRODUCT_BUNDLE_IDENTIFIER = "------------------.Instagram-ProjectUITests";
				PRODUCT_NAME = "$(TARGET_NAME)";
				SWIFT_VERSION = 4.0;
				TARGETED_DEVICE_FAMILY = "1,2";
				TEST_TARGET_NAME = "Instagram-Project";
			};
			name = Release;
		};
/* End XCBuildConfiguration section */

/* Begin XCConfigurationList section */
		C1593650212169C500F1D8DA /* Build configuration list for PBXProject "Instagram-Project" */ = {
			isa = XCConfigurationList;
			buildConfigurations = (
				C159367B212169CA00F1D8DA /* Debug */,
				C159367C212169CA00F1D8DA /* Release */,
			);
			defaultConfigurationIsVisible = 0;
			defaultConfigurationName = Release;
		};
		C159367D212169CA00F1D8DA /* Build configuration list for PBXNativeTarget "Instagram-Project" */ = {
			isa = XCConfigurationList;
			buildConfigurations = (
				C159367E212169CA00F1D8DA /* Debug */,
				C159367F212169CA00F1D8DA /* Release */,
			);
			defaultConfigurationIsVisible = 0;
			defaultConfigurationName = Release;
		};
		C1593680212169CA00F1D8DA /* Build configuration list for PBXNativeTarget "Instagram-ProjectTests" */ = {
			isa = XCConfigurationList;
			buildConfigurations = (
				C1593681212169CA00F1D8DA /* Debug */,
				C1593682212169CA00F1D8DA /* Release */,
			);
			defaultConfigurationIsVisible = 0;
			defaultConfigurationName = Release;
		};
		C1593683212169CA00F1D8DA /* Build configuration list for PBXNativeTarget "Instagram-ProjectUITests" */ = {
			isa = XCConfigurationList;
			buildConfigurations = (
				C1593684212169CA00F1D8DA /* Debug */,
				C1593685212169CA00F1D8DA /* Release */,
			);
			defaultConfigurationIsVisible = 0;
			defaultConfigurationName = Release;
		};
/* End XCConfigurationList section */
	};
	rootObject = C159364D212169C500F1D8DA /* Project object */;
}
